
Microsoft Visual Studio Solution File, Format Version 12.00
# Visual Studio Version 17
VisualStudioVersion = 17.2.32616.157
MinimumVisualStudioVersion = 10.0.40219.1
Project("{FAE04EC0-301F-11D3-BF4B-00C04F79EFBC}") = "Moving Zeros To The End", "Moving Zeros To The End\Moving Zeros To The End.csproj", "{9C9FAB01-91A9-4952-A3BD-65AC42DAC109}"
EndProject
Global
	GlobalSection(SolutionConfigurationPlatforms) = preSolution
		Debug|Any CPU = Debug|Any CPU
		Release|Any CPU = Release|Any CPU
	EndGlobalSection
	GlobalSection(ProjectConfigurationPlatforms) = postSolution
		{9C9FAB01-91A9-4952-A3BD-65AC42DAC109}.Debug|Any CPU.ActiveCfg = Debug|Any CPU
		{9C9FAB01-91A9-4952-A3BD-65AC42DAC109}.Debug|Any CPU.Build.0 = Debug|Any CPU
		{9C9FAB01-91A9-4952-A3BD-65AC42DAC109}.Release|Any CPU.ActiveCfg = Release|Any CPU
		{9C9FAB01-91A9-4952-A3BD-65AC42DAC109}.Release|Any CPU.Build.0 = Release|Any CPU
	EndGlobalSection
	GlobalSection(SolutionProperties) = preSolution
		HideSolutionNode = FALSE
	EndGlobalSection
	GlobalSection(ExtensibilityGlobals) = postSolution
		SolutionGuid = {B3A31977-3B5F-4F27-96A0-71D1DC64BF2D}
	EndGlobalSection
EndGlobal
